<?xml version="1.0" encoding="utf-8"?>
<Project ToolsVersion="4.0" xmlns="http://schemas.microsoft.com/developer/msbuild/2003">
  <ItemGroup>
    <Filter Include="Source Files">
      <UniqueIdentifier>{4FC737F1-C7A5-4376-A066-2A32D752A2FF}</UniqueIdentifier>
      <Extensions>cpp;c;cc;cxx;c++;cppm;ixx;def;odl;idl;hpj;bat;asm;asmx</Extensions>
    </Filter>
    <Filter Include="Header Files">
      <UniqueIdentifier>{93995380-89BD-4b04-88EB-625FBE52EBFB}</UniqueIdentifier>
      <Extensions>h;hh;hpp;hxx;h++;hm;inl;inc;ipp;xsd</Extensions>
    </Filter>
    <Filter Include="Resource Files">
      <UniqueIdentifier>{67DA6AB6-F800-4c08-8B7A-83BB121AAD01}</UniqueIdentifier>
      <Extensions>rc;ico;cur;bmp;dlg;rc2;rct;bin;rgs;gif;jpg;jpeg;jpe;resx;tiff;tif;png;wav;mfcribbon-ms</Extensions>
    </Filter>
    <Filter Include="Header Files\Engine">
      <UniqueIdentifier>{03a86d23-352e-4eb3-b7d2-619ace7c913c}</UniqueIdentifier>
    </Filter>
    <Filter Include="Header Files\Game Objects">
      <UniqueIdentifier>{7c6c9a8e-bc29-4f47-b34f-1e8ab9073b15}</UniqueIdentifier>
    </Filter>
    <Filter Include="Source Files\Engine">
      <UniqueIdentifier>{119a6242-ffbf-422d-ae2b-5091c0d0c8d4}</UniqueIdentifier>
    </Filter>
    <Filter Include="Source Files\Game Objects">
      <UniqueIdentifier>{4fc20b8e-5190-402f-beef-0108cadf933f}</UniqueIdentifier>
    </Filter>
    <Filter Include="Header Files\Scenes">
      <UniqueIdentifier>{38a5e350-8226-47dc-8888-21504743f162}</UniqueIdentifier>
    </Filter>
    <Filter Include="Source Files\Scenes">
      <UniqueIdentifier>{bd6e5021-65d0-4d73-bfa0-004955f0257d}</UniqueIdentifier>
    </Filter>
    <Filter Include="Header Files\Gameplay">
      <UniqueIdentifier>{3f3b3099-6bc4-4d9e-a11a-caeb71c4de80}</UniqueIdentifier>
    </Filter>
    <Filter Include="Source Files\Gameplay">
      <UniqueIdentifier>{936b266f-a839-4717-b489-11b64ebe1845}</UniqueIdentifier>
    </Filter>
    <Filter Include="Header Files\Game Objects\Interactibles">
      <UniqueIdentifier>{8a8a88b0-48ae-4301-ab2f-5c69ed9bcdee}</UniqueIdentifier>
    </Filter>
    <Filter Include="Source Files\Game Objects\Interactibles">
      <UniqueIdentifier>{f9111b55-b026-47d0-84b7-dd5855ea994b}</UniqueIdentifier>
    </Filter>
  </ItemGroup>
  <ItemGroup>
    <ClInclude Include="source\Engine.h">
      <Filter>Header Files\Engine</Filter>
    </ClInclude>
    <ClInclude Include="source\GameObjectManager.h">
      <Filter>Header Files\Engine</Filter>
    </ClInclude>
    <ClInclude Include="source\InputManager.h">
      <Filter>Header Files\Engine</Filter>
    </ClInclude>
    <ClInclude Include="source\System.h">
      <Filter>Header Files\Engine</Filter>
    </ClInclude>
    <ClInclude Include="source\Vertex.h">
      <Filter>Header Files\Engine</Filter>
    </ClInclude>
    <ClInclude Include="source\Window.h">
      <Filter>Header Files\Engine</Filter>
    </ClInclude>
    <ClInclude Include="source\Camera.h">
      <Filter>Header Files\Game Objects</Filter>
    </ClInclude>
    <ClInclude Include="source\GameObject.h">
      <Filter>Header Files\Game Objects</Filter>
    </ClInclude>
    <ClInclude Include="source\Player.h">
      <Filter>Header Files\Game Objects</Filter>
    </ClInclude>
    <ClInclude Include="source\stdafx.h">
      <Filter>Header Files</Filter>
    </ClInclude>
    <ClInclude Include="source\Texture.h">
      <Filter>Header Files\Engine</Filter>
    </ClInclude>
    <ClInclude Include="source\TextureManager.h">
      <Filter>Header Files\Engine</Filter>
    </ClInclude>
    <ClInclude Include="source\SceneManager.h">
      <Filter>Header Files\Engine</Filter>
    </ClInclude>
    <ClInclude Include="source\Scene.h">
      <Filter>Header Files\Scenes</Filter>
    </ClInclude>
    <ClInclude Include="source\Scenes\Sandbox.h">
      <Filter>Header Files\Scenes</Filter>
    </ClInclude>
    <ClInclude Include="source\MapMatrix.h">
      <Filter>Header Files\Engine</Filter>
    </ClInclude>
    <ClInclude Include="source\Game_Objects\Enemy.h">
      <Filter>Header Files\Game Objects</Filter>
    </ClInclude>
    <ClInclude Include="source\Pool.h">
      <Filter>Header Files\Game Objects</Filter>
    </ClInclude>
    <ClInclude Include="source\AttackManager.h">
      <Filter>Header Files\Gameplay</Filter>
    </ClInclude>
    <ClInclude Include="source\EffectManager.h">
      <Filter>Header Files\Engine</Filter>
    </ClInclude>
    <ClInclude Include="source\cppShortcuts.h">
      <Filter>Header Files</Filter>
    </ClInclude>
    <ClInclude Include="source\ChildObject.h">
      <Filter>Header Files\Game Objects</Filter>
    </ClInclude>
    <ClInclude Include="source\Item.h">
      <Filter>Header Files\Game Objects\Interactibles</Filter>
    </ClInclude>
    <ClInclude Include="source\Game_Objects\Key.h">
      <Filter>Header Files\Game Objects\Interactibles</Filter>
    </ClInclude>
    <ClInclude Include="source\Game_Objects\DestructibleWall.h">
      <Filter>Header Files\Game Objects\Interactibles</Filter>
    </ClInclude>
    <ClInclude Include="source\Inventory.h">
      <Filter>Header Files\Gameplay</Filter>
    </ClInclude>
    <ClInclude Include="source\LockedWall.h">
      <Filter>Header Files\Game Objects\Interactibles</Filter>
    </ClInclude>
    <ClInclude Include="source\Game_Objects\Coin.h">
      <Filter>Header Files\Game Objects\Interactibles</Filter>
    </ClInclude>
    <ClInclude Include="source\Game_Objects\ScreenCrack.h">
      <Filter>Header Files\Game Objects</Filter>
    </ClInclude>
  </ItemGroup>
  <ItemGroup>
    <ClCompile Include="source\Engine.cpp">
      <Filter>Source Files\Engine</Filter>
    </ClCompile>
    <ClCompile Include="source\GameObjectManager.cpp">
      <Filter>Source Files\Engine</Filter>
    </ClCompile>
    <ClCompile Include="source\System.cpp">
      <Filter>Source Files\Engine</Filter>
    </ClCompile>
    <ClCompile Include="source\Vertex.cpp">
      <Filter>Source Files\Engine</Filter>
    </ClCompile>
    <ClCompile Include="source\Window.cpp">
      <Filter>Source Files\Engine</Filter>
    </ClCompile>
    <ClCompile Include="source\Camera.cpp">
      <Filter>Source Files\Game Objects</Filter>
    </ClCompile>
    <ClCompile Include="source\GameObject.cpp">
      <Filter>Source Files\Game Objects</Filter>
    </ClCompile>
    <ClCompile Include="source\Player.cpp">
      <Filter>Source Files\Game Objects</Filter>
    </ClCompile>
    <ClCompile Include="source\main.cpp">
      <Filter>Source Files</Filter>
    </ClCompile>
    <ClCompile Include="source\Texture.cpp">
      <Filter>Source Files\Engine</Filter>
    </ClCompile>
    <ClCompile Include="source\TextureManager.cpp">
      <Filter>Source Files\Engine</Filter>
    </ClCompile>
    <ClCompile Include="source\Scene.cpp">
      <Filter>Source Files\Scenes</Filter>
    </ClCompile>
    <ClCompile Include="source\Scenes\Sandbox.cpp">
      <Filter>Source Files\Scenes</Filter>
    </ClCompile>
    <ClCompile Include="source\SceneManager.cpp">
      <Filter>Source Files\Engine</Filter>
    </ClCompile>
    <ClCompile Include="source\MapMatrix.cpp">
      <Filter>Source Files\Engine</Filter>
    </ClCompile>
    <ClCompile Include="source\Game_Objects\Enemy.cpp">
      <Filter>Source Files\Game Objects</Filter>
    </ClCompile>
    <ClCompile Include="source\Pool.cpp">
      <Filter>Source Files\Game Objects</Filter>
    </ClCompile>
    <ClCompile Include="source\AttackManager.cpp">
      <Filter>Source Files\Gameplay</Filter>
    </ClCompile>
    <ClCompile Include="source\InputManager.cpp">
      <Filter>Source Files\Engine</Filter>
    </ClCompile>
    <ClCompile Include="source\EffectManager.cpp">
      <Filter>Source Files\Engine</Filter>
    </ClCompile>
    <ClCompile Include="source\cppShortcuts.cpp">
      <Filter>Source Files</Filter>
    </ClCompile>
    <ClCompile Include="source\ChildObject.cpp">
      <Filter>Source Files\Game Objects</Filter>
    </ClCompile>
    <ClCompile Include="source\Item.cpp">
      <Filter>Source Files\Game Objects\Interactibles</Filter>
    </ClCompile>
    <ClCompile Include="source\Game_Objects\Key.cpp">
      <Filter>Source Files\Game Objects\Interactibles</Filter>
    </ClCompile>
    <ClCompile Include="source\Game_Objects\DestructibleWall.cpp">
      <Filter>Source Files\Game Objects\Interactibles</Filter>
    </ClCompile>
    <ClCompile Include="source\Inventory.cpp">
      <Filter>Source Files\Gameplay</Filter>
    </ClCompile>
    <ClCompile Include="source\LockedWall.cpp">
      <Filter>Source Files\Game Objects\Interactibles</Filter>
    </ClCompile>
    <ClCompile Include="source\Game_Objects\Coin.cpp">
      <Filter>Source Files\Game Objects\Interactibles</Filter>
    </ClCompile>
    <ClCompile Include="source\Game_Objects\ScreenCrack.cpp">
      <Filter>Source Files\Game Objects</Filter>
    </ClCompile>
  </ItemGroup>
  <ItemGroup>
    <None Include="source\2d_frag.spv">
      <Filter>Resource Files</Filter>
    </None>
    <None Include="source\2d_vert.spv">
      <Filter>Resource Files</Filter>
    </None>
    <None Include="source\fisheye_frag.spv">
      <Filter>Resource Files</Filter>
    </None>
    <None Include="source\post_process_vert.spv">
      <Filter>Resource Files</Filter>
    </None>
  </ItemGroup>
</Project>